{
    "_readme": [
        "This file locks the dependencies of your project to a known state",
        "Read more about it at https://getcomposer.org/doc/01-basic-usage.md#installing-dependencies",
        "This file is @generated automatically"
    ],
    "content-hash": "ae0607edf71e4b648c4efc5ff874d48e",
    "packages": [
        {
            "name": "riimu/kit-phpencoder",
            "version": "v2.4.2",
            "source": {
                "type": "git",
                "url": "https://github.com/Riimu/Kit-PHPEncoder.git",
                "reference": "72ff7825de193b272e17b228394819dbfc638e72"
            },
            "dist": {
                "type": "zip",
                "url": "https://api.github.com/repos/Riimu/Kit-PHPEncoder/zipball/72ff7825de193b272e17b228394819dbfc638e72",
                "reference": "72ff7825de193b272e17b228394819dbfc638e72",
                "shasum": ""
            },
            "require": {
                "php": ">=5.6.0"
            },
            "type": "library",
            "autoload": {
                "psr-4": {
                    "Riimu\\Kit\\PHPEncoder\\": "src/"
                }
            },
            "notification-url": "https://packagist.org/downloads/",
            "license": [
                "MIT"
            ],
            "authors": [
                {
                    "name": "Riikka Kalliomäki",
                    "email": "riikka.kalliomaki@gmail.com",
                    "homepage": "http://riimu.net"
                }
            ],
            "description": "Highly customizable alternative to var_export for PHP code generation",
            "homepage": "http://kit.riimu.net",
            "keywords": [
                "code",
                "encoder",
                "export",
                "generator",
                "variable"
            ],
            "support": {
                "issues": "https://github.com/Riimu/Kit-PHPEncoder/issues",
                "source": "https://github.com/Riimu/Kit-PHPEncoder/tree/v2.4.2"
            },
            "time": "2022-12-10T18:12:25+00:00"
        },
        {
            "name": "wpmetabox/support",
            "version": "dev-master",
            "source": {
                "type": "git",
                "url": "https://github.com/wpmetabox/support.git",
                "reference": "874318ec497ce7fb918eb0629dec825210155d97"
            },
            "dist": {
                "type": "zip",
                "url": "https://api.github.com/repos/wpmetabox/support/zipball/874318ec497ce7fb918eb0629dec825210155d97",
                "reference": "874318ec497ce7fb918eb0629dec825210155d97",
                "shasum": ""
            },
            "default-branch": true,
            "type": "library",
            "autoload": {
                "psr-4": {
                    "MetaBox\\Support\\": ""
                }
            },
            "notification-url": "https://packagist.org/downloads/",
            "license": [
                "GPL-2.0-or-later"
            ],
            "description": "Helpers for Meta Box plugins",
            "homepage": "https://metabox.io",
            "support": {
                "issues": "https://github.com/wpmetabox/support/issues",
                "source": "https://github.com/wpmetabox/support/tree/master"
            },
            "time": "2025-03-17T08:34:51+00:00"
        }
    ],
    "packages-dev": [],
    "aliases": [],
    "minimum-stability": "stable",
    "stability-flags": {
        "wpmetabox/support": 20
    },
    "prefer-stable": false,
    "prefer-lowest": false,
    "platform": {},
    "platform-dev": {},
    "plugin-api-version": "2.6.0"
}
